
Microsoft Visual Studio Solution File, Format Version 12.00
# Visual Studio 15
VisualStudioVersion = 15.0.27703.2042
MinimumVisualStudioVersion = 10.0.40219.1
Project("{FAE04EC0-301F-11D3-BF4B-00C04F79EFBC}") = "TaskManager", "TaskManager\TaskManager.csproj", "{829E0AE6-C337-4CF2-9A13-0CB36812FF7C}"
EndProject
Project("{FAE04EC0-301F-11D3-BF4B-00C04F79EFBC}") = "TaskManager.Models", "TaskManager.Models\TaskManager.Models.csproj", "{BDC7AEA2-A51A-4260-9BF8-964D9E73A03E}"
EndProject
Project("{FAE04EC0-301F-11D3-BF4B-00C04F79EFBC}") = "TaskManager.Services", "TaskManager.Services\TaskManager.Services.csproj", "{65F7BDCF-C657-4F25-80D7-AC3FDAC6E5C6}"
EndProject
Project("{FAE04EC0-301F-11D3-BF4B-00C04F79EFBC}") = "TaskManager.DataAccess", "TaskManager.DataAccess\TaskManager.DataAccess.csproj", "{F3D8E2DD-0B95-4CA2-A693-79D0F4C539CF}"
EndProject
Project("{FAE04EC0-301F-11D3-BF4B-00C04F79EFBC}") = "TaskManager.AbstractModels", "TaskManager.AbstractModels\TaskManager.AbstractModels.csproj", "{C01AB47C-A9D9-49C1-BB3A-EEAF859645D9}"
EndProject
Global
	GlobalSection(SolutionConfigurationPlatforms) = preSolution
		Debug|Any CPU = Debug|Any CPU
		Release|Any CPU = Release|Any CPU
	EndGlobalSection
	GlobalSection(ProjectConfigurationPlatforms) = postSolution
		{829E0AE6-C337-4CF2-9A13-0CB36812FF7C}.Debug|Any CPU.ActiveCfg = Debug|Any CPU
		{829E0AE6-C337-4CF2-9A13-0CB36812FF7C}.Debug|Any CPU.Build.0 = Debug|Any CPU
		{829E0AE6-C337-4CF2-9A13-0CB36812FF7C}.Release|Any CPU.ActiveCfg = Release|Any CPU
		{829E0AE6-C337-4CF2-9A13-0CB36812FF7C}.Release|Any CPU.Build.0 = Release|Any CPU
		{BDC7AEA2-A51A-4260-9BF8-964D9E73A03E}.Debug|Any CPU.ActiveCfg = Debug|Any CPU
		{BDC7AEA2-A51A-4260-9BF8-964D9E73A03E}.Debug|Any CPU.Build.0 = Debug|Any CPU
		{BDC7AEA2-A51A-4260-9BF8-964D9E73A03E}.Release|Any CPU.ActiveCfg = Release|Any CPU
		{BDC7AEA2-A51A-4260-9BF8-964D9E73A03E}.Release|Any CPU.Build.0 = Release|Any CPU
		{65F7BDCF-C657-4F25-80D7-AC3FDAC6E5C6}.Debug|Any CPU.ActiveCfg = Debug|Any CPU
		{65F7BDCF-C657-4F25-80D7-AC3FDAC6E5C6}.Debug|Any CPU.Build.0 = Debug|Any CPU
		{65F7BDCF-C657-4F25-80D7-AC3FDAC6E5C6}.Release|Any CPU.ActiveCfg = Release|Any CPU
		{65F7BDCF-C657-4F25-80D7-AC3FDAC6E5C6}.Release|Any CPU.Build.0 = Release|Any CPU
		{F3D8E2DD-0B95-4CA2-A693-79D0F4C539CF}.Debug|Any CPU.ActiveCfg = Debug|Any CPU
		{F3D8E2DD-0B95-4CA2-A693-79D0F4C539CF}.Debug|Any CPU.Build.0 = Debug|Any CPU
		{F3D8E2DD-0B95-4CA2-A693-79D0F4C539CF}.Release|Any CPU.ActiveCfg = Release|Any CPU
		{F3D8E2DD-0B95-4CA2-A693-79D0F4C539CF}.Release|Any CPU.Build.0 = Release|Any CPU
		{C01AB47C-A9D9-49C1-BB3A-EEAF859645D9}.Debug|Any CPU.ActiveCfg = Debug|Any CPU
		{C01AB47C-A9D9-49C1-BB3A-EEAF859645D9}.Debug|Any CPU.Build.0 = Debug|Any CPU
		{C01AB47C-A9D9-49C1-BB3A-EEAF859645D9}.Release|Any CPU.ActiveCfg = Release|Any CPU
		{C01AB47C-A9D9-49C1-BB3A-EEAF859645D9}.Release|Any CPU.Build.0 = Release|Any CPU
	EndGlobalSection
	GlobalSection(SolutionProperties) = preSolution
		HideSolutionNode = FALSE
	EndGlobalSection
	GlobalSection(ExtensibilityGlobals) = postSolution
		SolutionGuid = {A96F2412-8BD0-4750-A497-0592E01C7A97}
	EndGlobalSection
EndGlobal
